
Microsoft Visual Studio Solution File, Format Version 12.00
# Visual Studio Version 17
VisualStudioVersion = 17.11.35312.102
MinimumVisualStudioVersion = 10.0.40219.1
Project("{FAE04EC0-301F-11D3-BF4B-00C04F79EFBC}") = "WFA241108", "WFA241108.csproj", "{8A124EC8-5CEA-46ED-A1FF-88B87A1F6AEB}"
EndProject
Global
	GlobalSection(SolutionConfigurationPlatforms) = preSolution
		Debug|Any CPU = Debug|Any CPU
		Release|Any CPU = Release|Any CPU
	EndGlobalSection
	GlobalSection(ProjectConfigurationPlatforms) = postSolution
		{8A124EC8-5CEA-46ED-A1FF-88B87A1F6AEB}.Debug|Any CPU.ActiveCfg = Debug|Any CPU
		{8A124EC8-5CEA-46ED-A1FF-88B87A1F6AEB}.Debug|Any CPU.Build.0 = Debug|Any CPU
		{8A124EC8-5CEA-46ED-A1FF-88B87A1F6AEB}.Release|Any CPU.ActiveCfg = Release|Any CPU
		{8A124EC8-5CEA-46ED-A1FF-88B87A1F6AEB}.Release|Any CPU.Build.0 = Release|Any CPU
	EndGlobalSection
	GlobalSection(SolutionProperties) = preSolution
		HideSolutionNode = FALSE
	EndGlobalSection
	GlobalSection(ExtensibilityGlobals) = postSolution
		SolutionGuid = {E5AC1FD0-E7CA-46B1-B61A-D5EEDDEE60C7}
	EndGlobalSection
EndGlobal
